
Microsoft Visual Studio Solution File, Format Version 12.00
# Visual Studio 15
VisualStudioVersion = 15.0.28307.960
MinimumVisualStudioVersion = 10.0.40219.1
Project("{8BC9CEB8-8B4A-11D0-8D11-00A0C91BC942}") = "RobSurgical_GUI", "RobSurgical_GUI\RobSurgical_GUI.vcxproj", "{CA2A5224-75AE-49E1-B9F8-72A943BBAE35}"
EndProject
Global
	GlobalSection(SolutionConfigurationPlatforms) = preSolution
		Debug|x64 = Debug|x64
		Debug|x86 = Debug|x86
		Release|x64 = Release|x64
		Release|x86 = Release|x86
	EndGlobalSection
	GlobalSection(ProjectConfigurationPlatforms) = postSolution
		{CA2A5224-75AE-49E1-B9F8-72A943BBAE35}.Debug|x64.ActiveCfg = Debug|x64
		{CA2A5224-75AE-49E1-B9F8-72A943BBAE35}.Debug|x64.Build.0 = Debug|x64
		{CA2A5224-75AE-49E1-B9F8-72A943BBAE35}.Debug|x86.ActiveCfg = Debug|Win32
		{CA2A5224-75AE-49E1-B9F8-72A943BBAE35}.Debug|x86.Build.0 = Debug|Win32
		{CA2A5224-75AE-49E1-B9F8-72A943BBAE35}.Release|x64.ActiveCfg = Release|x64
		{CA2A5224-75AE-49E1-B9F8-72A943BBAE35}.Release|x64.Build.0 = Release|x64
		{CA2A5224-75AE-49E1-B9F8-72A943BBAE35}.Release|x86.ActiveCfg = Release|Win32
		{CA2A5224-75AE-49E1-B9F8-72A943BBAE35}.Release|x86.Build.0 = Release|Win32
	EndGlobalSection
	GlobalSection(SolutionProperties) = preSolution
		HideSolutionNode = FALSE
	EndGlobalSection
	GlobalSection(ExtensibilityGlobals) = postSolution
		SolutionGuid = {6E4C8C1D-F958-4D66-BBF4-52AA5F491A4D}
	EndGlobalSection
EndGlobal
